<?xml version="1.0" encoding="utf-8"?>
<Project ToolsVersion="4.0" xmlns="http://schemas.microsoft.com/developer/msbuild/2003">
  <ItemGroup>
    <Filter Include="源文件">
      <UniqueIdentifier>{4FC737F1-C7A5-4376-A066-2A32D752A2FF}</UniqueIdentifier>
      <Extensions>cpp;c;cc;cxx;def;odl;idl;hpj;bat;asm;asmx</Extensions>
    </Filter>
    <Filter Include="头文件">
      <UniqueIdentifier>{93995380-89BD-4b04-88EB-625FBE52EBFB}</UniqueIdentifier>
      <Extensions>h;hh;hpp;hxx;hm;inl;inc;xsd</Extensions>
    </Filter>
    <Filter Include="资源文件">
      <UniqueIdentifier>{67DA6AB6-F800-4c08-8B7A-83BB121AAD01}</UniqueIdentifier>
      <Extensions>rc;ico;cur;bmp;dlg;rc2;rct;bin;rgs;gif;jpg;jpeg;jpe;resx;tiff;tif;png;wav;mfcribbon-ms</Extensions>
    </Filter>
    <Filter Include="源文件\Sort">
      <UniqueIdentifier>{8f19d6d2-22aa-4305-9092-a4711407732a}</UniqueIdentifier>
    </Filter>
    <Filter Include="源文件\search">
      <UniqueIdentifier>{473814fa-f70f-4ebc-9ee1-9b49de4b9f14}</UniqueIdentifier>
    </Filter>
  </ItemGroup>
  <ItemGroup>
    <ClInclude Include="stdafx.h">
      <Filter>头文件</Filter>
    </ClInclude>
    <ClInclude Include="targetver.h">
      <Filter>头文件</Filter>
    </ClInclude>
    <ClInclude Include="Pow.h">
      <Filter>头文件</Filter>
    </ClInclude>
    <ClInclude Include="MaximumSubarray.h">
      <Filter>头文件</Filter>
    </ClInclude>
    <ClInclude Include="SortAlg.h">
      <Filter>源文件\Sort</Filter>
    </ClInclude>
  </ItemGroup>
  <ItemGroup>
    <ClCompile Include="stdafx.cpp">
      <Filter>源文件</Filter>
    </ClCompile>
    <ClCompile Include="Alg.cpp">
      <Filter>源文件</Filter>
    </ClCompile>
    <ClCompile Include="MaxValue.cpp">
      <Filter>源文件</Filter>
    </ClCompile>
    <ClCompile Include="findContinuousSequence.cpp">
      <Filter>头文件</Filter>
    </ClCompile>
    <ClCompile Include="translateNum.cpp">
      <Filter>头文件</Filter>
    </ClCompile>
    <ClCompile Include="LastRemaining.cpp">
      <Filter>头文件</Filter>
    </ClCompile>
    <ClCompile Include="ConstructArr.cpp">
      <Filter>头文件</Filter>
    </ClCompile>
    <ClCompile Include="MaxslidingWindow.cpp">
      <Filter>头文件</Filter>
    </ClCompile>
    <ClCompile Include="BinarySearch.cpp">
      <Filter>源文件\search</Filter>
    </ClCompile>
  </ItemGroup>
</Project>